// !$*UTF8*$!
{
	archiveVersion = 1;
	classes = {
	};
	objectVersion = 46;
	objects = {

/* Begin PBXBuildFile section */
		0B7DE3EFF82282B72D8A051D /* Pods_CardValidator.framework in Frameworks */ = {isa = PBXBuildFile; fileRef = 0B008D6DD2509679EC866404 /* Pods_CardValidator.framework */; };
		E15600D21F1F61FF002F58C6 /* CreditCardView.swift in Sources */ = {isa = PBXBuildFile; fileRef = E15600D11F1F61FF002F58C6 /* CreditCardView.swift */; };
		E1583D3A1F1F71210056FD3E /* Button.swift in Sources */ = {isa = PBXBuildFile; fileRef = E1583D391F1F71210056FD3E /* Button.swift */; };
		E1583D3C1F1F75A00056FD3E /* ValidityIndicator.swift in Sources */ = {isa = PBXBuildFile; fileRef = E1583D3B1F1F75A00056FD3E /* ValidityIndicator.swift */; };
		E1583D3E1F1F7BD90056FD3E /* UIViewExtensions.swift in Sources */ = {isa = PBXBuildFile; fileRef = E1583D3D1F1F7BD90056FD3E /* UIViewExtensions.swift */; };
		E1583D401F1F7CA60056FD3E /* Roundable.swift in Sources */ = {isa = PBXBuildFile; fileRef = E1583D3F1F1F7CA60056FD3E /* Roundable.swift */; };
		E1583D421F1F9C680056FD3E /* CardValidationService.swift in Sources */ = {isa = PBXBuildFile; fileRef = E1583D411F1F9C680056FD3E /* CardValidationService.swift */; };
		E1583D441F1F9CD90056FD3E /* APIService.swift in Sources */ = {isa = PBXBuildFile; fileRef = E1583D431F1F9CD90056FD3E /* APIService.swift */; };
		E1583D461F1F9FE10056FD3E /* ValidationResult.swift in Sources */ = {isa = PBXBuildFile; fileRef = E1583D451F1F9FE10056FD3E /* ValidationResult.swift */; };
		E1583D481F1FC5220056FD3E /* CollectionExtensions.swift in Sources */ = {isa = PBXBuildFile; fileRef = E1583D471F1FC5220056FD3E /* CollectionExtensions.swift */; };
		E1583D4A1F1FCC230056FD3E /* StringType.swift in Sources */ = {isa = PBXBuildFile; fileRef = E1583D491F1FCC230056FD3E /* StringType.swift */; };
		E1583D4C1F1FCE730056FD3E /* CreditCard.swift in Sources */ = {isa = PBXBuildFile; fileRef = E1583D4B1F1FCE730056FD3E /* CreditCard.swift */; };
		E1D3F45C1F20F54E00D3DB55 /* CardGenerationService.swift in Sources */ = {isa = PBXBuildFile; fileRef = E1D3F45B1F20F54E00D3DB55 /* CardGenerationService.swift */; };
		E1D3F45F1F210C9E00D3DB55 /* Expiration.swift in Sources */ = {isa = PBXBuildFile; fileRef = E1D3F45E1F210C9E00D3DB55 /* Expiration.swift */; };
		E1D3F4611F2156C000D3DB55 /* BoolTransform.swift in Sources */ = {isa = PBXBuildFile; fileRef = E1D3F4601F2156C000D3DB55 /* BoolTransform.swift */; };
		E1E185EA1F1E33EC00F2FB41 /* AppDelegate.swift in Sources */ = {isa = PBXBuildFile; fileRef = E1E185E91F1E33EC00F2FB41 /* AppDelegate.swift */; };
		E1E185EC1F1E33EC00F2FB41 /* CreditCardVC.swift in Sources */ = {isa = PBXBuildFile; fileRef = E1E185EB1F1E33EC00F2FB41 /* CreditCardVC.swift */; };
		E1E185F11F1E33EC00F2FB41 /* Assets.xcassets in Resources */ = {isa = PBXBuildFile; fileRef = E1E185F01F1E33EC00F2FB41 /* Assets.xcassets */; };
		E1E185F41F1E33EC00F2FB41 /* LaunchScreen.storyboard in Resources */ = {isa = PBXBuildFile; fileRef = E1E185F21F1E33EC00F2FB41 /* LaunchScreen.storyboard */; };
		E1E185FF1F1E33EC00F2FB41 /* CardValidatorTests.swift in Sources */ = {isa = PBXBuildFile; fileRef = E1E185FE1F1E33EC00F2FB41 /* CardValidatorTests.swift */; };
		E1E1860A1F1E342800F2FB41 /* CreditCardInputField.swift in Sources */ = {isa = PBXBuildFile; fileRef = E1E186091F1E342800F2FB41 /* CreditCardInputField.swift */; };
/* End PBXBuildFile section */

/* Begin PBXContainerItemProxy section */
		E1E185FB1F1E33EC00F2FB41 /* PBXContainerItemProxy */ = {
			isa = PBXContainerItemProxy;
			containerPortal = E1E185DE1F1E33EB00F2FB41 /* Project object */;
			proxyType = 1;
			remoteGlobalIDString = E1E185E51F1E33EC00F2FB41;
			remoteInfo = CardValidator;
		};
/* End PBXContainerItemProxy section */

/* Begin PBXFileReference section */
		0B008D6DD2509679EC866404 /* Pods_CardValidator.framework */ = {isa = PBXFileReference; explicitFileType = wrapper.framework; includeInIndex = 0; path = Pods_CardValidator.framework; sourceTree = BUILT_PRODUCTS_DIR; };
		637073CA467894615E8B5225 /* Pods-CardValidator.release.xcconfig */ = {isa = PBXFileReference; includeInIndex = 1; lastKnownFileType = text.xcconfig; name = "Pods-CardValidator.release.xcconfig"; path = "Pods/Target Support Files/Pods-CardValidator/Pods-CardValidator.release.xcconfig"; sourceTree = "<group>"; };
		C093DBBF40F8341795EAC2A3 /* Pods-CardValidator.debug.xcconfig */ = {isa = PBXFileReference; includeInIndex = 1; lastKnownFileType = text.xcconfig; name = "Pods-CardValidator.debug.xcconfig"; path = "Pods/Target Support Files/Pods-CardValidator/Pods-CardValidator.debug.xcconfig"; sourceTree = "<group>"; };
		E15600D11F1F61FF002F58C6 /* CreditCardView.swift */ = {isa = PBXFileReference; fileEncoding = 4; lastKnownFileType = sourcecode.swift; path = CreditCardView.swift; sourceTree = "<group>"; };
		E1583D391F1F71210056FD3E /* Button.swift */ = {isa = PBXFileReference; fileEncoding = 4; lastKnownFileType = sourcecode.swift; path = Button.swift; sourceTree = "<group>"; };
		E1583D3B1F1F75A00056FD3E /* ValidityIndicator.swift */ = {isa = PBXFileReference; fileEncoding = 4; lastKnownFileType = sourcecode.swift; path = ValidityIndicator.swift; sourceTree = "<group>"; };
		E1583D3D1F1F7BD90056FD3E /* UIViewExtensions.swift */ = {isa = PBXFileReference; fileEncoding = 4; lastKnownFileType = sourcecode.swift; path = UIViewExtensions.swift; sourceTree = "<group>"; };
		E1583D3F1F1F7CA60056FD3E /* Roundable.swift */ = {isa = PBXFileReference; fileEncoding = 4; lastKnownFileType = sourcecode.swift; path = Roundable.swift; sourceTree = "<group>"; };
		E1583D411F1F9C680056FD3E /* CardValidationService.swift */ = {isa = PBXFileReference; fileEncoding = 4; lastKnownFileType = sourcecode.swift; path = CardValidationService.swift; sourceTree = "<group>"; };
		E1583D431F1F9CD90056FD3E /* APIService.swift */ = {isa = PBXFileReference; fileEncoding = 4; lastKnownFileType = sourcecode.swift; path = APIService.swift; sourceTree = "<group>"; };
		E1583D451F1F9FE10056FD3E /* ValidationResult.swift */ = {isa = PBXFileReference; fileEncoding = 4; lastKnownFileType = sourcecode.swift; path = ValidationResult.swift; sourceTree = "<group>"; };
		E1583D471F1FC5220056FD3E /* CollectionExtensions.swift */ = {isa = PBXFileReference; fileEncoding = 4; lastKnownFileType = sourcecode.swift; path = CollectionExtensions.swift; sourceTree = "<group>"; };
		E1583D491F1FCC230056FD3E /* StringType.swift */ = {isa = PBXFileReference; fileEncoding = 4; lastKnownFileType = sourcecode.swift; path = StringType.swift; sourceTree = "<group>"; };
		E1583D4B1F1FCE730056FD3E /* CreditCard.swift */ = {isa = PBXFileReference; fileEncoding = 4; lastKnownFileType = sourcecode.swift; path = CreditCard.swift; sourceTree = "<group>"; };
		E1D3F45B1F20F54E00D3DB55 /* CardGenerationService.swift */ = {isa = PBXFileReference; fileEncoding = 4; lastKnownFileType = sourcecode.swift; path = CardGenerationService.swift; sourceTree = "<group>"; };
		E1D3F45E1F210C9E00D3DB55 /* Expiration.swift */ = {isa = PBXFileReference; fileEncoding = 4; lastKnownFileType = sourcecode.swift; path = Expiration.swift; sourceTree = "<group>"; };
		E1D3F4601F2156C000D3DB55 /* BoolTransform.swift */ = {isa = PBXFileReference; fileEncoding = 4; lastKnownFileType = sourcecode.swift; path = BoolTransform.swift; sourceTree = "<group>"; };
		E1E185E61F1E33EC00F2FB41 /* CardValidator.app */ = {isa = PBXFileReference; explicitFileType = wrapper.application; includeInIndex = 0; path = CardValidator.app; sourceTree = BUILT_PRODUCTS_DIR; };
		E1E185E91F1E33EC00F2FB41 /* AppDelegate.swift */ = {isa = PBXFileReference; lastKnownFileType = sourcecode.swift; path = AppDelegate.swift; sourceTree = "<group>"; };
		E1E185EB1F1E33EC00F2FB41 /* CreditCardVC.swift */ = {isa = PBXFileReference; lastKnownFileType = sourcecode.swift; path = CreditCardVC.swift; sourceTree = "<group>"; };
		E1E185F01F1E33EC00F2FB41 /* Assets.xcassets */ = {isa = PBXFileReference; lastKnownFileType = folder.assetcatalog; path = Assets.xcassets; sourceTree = "<group>"; };
		E1E185F31F1E33EC00F2FB41 /* Base */ = {isa = PBXFileReference; lastKnownFileType = file.storyboard; name = Base; path = Base.lproj/LaunchScreen.storyboard; sourceTree = "<group>"; };
		E1E185F51F1E33EC00F2FB41 /* Info.plist */ = {isa = PBXFileReference; lastKnownFileType = text.plist.xml; path = Info.plist; sourceTree = "<group>"; };
		E1E185FA1F1E33EC00F2FB41 /* CardValidatorTests.xctest */ = {isa = PBXFileReference; explicitFileType = wrapper.cfbundle; includeInIndex = 0; path = CardValidatorTests.xctest; sourceTree = BUILT_PRODUCTS_DIR; };
		E1E185FE1F1E33EC00F2FB41 /* CardValidatorTests.swift */ = {isa = PBXFileReference; lastKnownFileType = sourcecode.swift; path = CardValidatorTests.swift; sourceTree = "<group>"; };
		E1E186001F1E33EC00F2FB41 /* Info.plist */ = {isa = PBXFileReference; lastKnownFileType = text.plist.xml; path = Info.plist; sourceTree = "<group>"; };
		E1E186091F1E342800F2FB41 /* CreditCardInputField.swift */ = {isa = PBXFileReference; fileEncoding = 4; lastKnownFileType = sourcecode.swift; path = CreditCardInputField.swift; sourceTree = "<group>"; };
/* End PBXFileReference section */

/* Begin PBXFrameworksBuildPhase section */
		E1E185E31F1E33EC00F2FB41 /* Frameworks */ = {
			isa = PBXFrameworksBuildPhase;
			buildActionMask = 2147483647;
			files = (
				0B7DE3EFF82282B72D8A051D /* Pods_CardValidator.framework in Frameworks */,
			);
			runOnlyForDeploymentPostprocessing = 0;
		};
		E1E185F71F1E33EC00F2FB41 /* Frameworks */ = {
			isa = PBXFrameworksBuildPhase;
			buildActionMask = 2147483647;
			files = (
			);
			runOnlyForDeploymentPostprocessing = 0;
		};
/* End PBXFrameworksBuildPhase section */

/* Begin PBXGroup section */
		A41AD8926EE06906BB964D93 /* Pods */ = {
			isa = PBXGroup;
			children = (
				C093DBBF40F8341795EAC2A3 /* Pods-CardValidator.debug.xcconfig */,
				637073CA467894615E8B5225 /* Pods-CardValidator.release.xcconfig */,
			);
			name = Pods;
			sourceTree = "<group>";
		};
		A6114F644316A820381DD133 /* Frameworks */ = {
			isa = PBXGroup;
			children = (
				0B008D6DD2509679EC866404 /* Pods_CardValidator.framework */,
			);
			name = Frameworks;
			sourceTree = "<group>";
		};
		E1D3F45A1F20F53B00D3DB55 /* Services */ = {
			isa = PBXGroup;
			children = (
				E1583D411F1F9C680056FD3E /* CardValidationService.swift */,
				E1D3F45B1F20F54E00D3DB55 /* CardGenerationService.swift */,
				E1583D431F1F9CD90056FD3E /* APIService.swift */,
			);
			name = Services;
			sourceTree = "<group>";
		};
		E1D3F45D1F210AD100D3DB55 /* Models */ = {
			isa = PBXGroup;
			children = (
				E1583D451F1F9FE10056FD3E /* ValidationResult.swift */,
				E1583D4B1F1FCE730056FD3E /* CreditCard.swift */,
				E1D3F45E1F210C9E00D3DB55 /* Expiration.swift */,
			);
			name = Models;
			sourceTree = "<group>";
		};
		E1E185DD1F1E33EB00F2FB41 = {
			isa = PBXGroup;
			children = (
				E1E185E81F1E33EC00F2FB41 /* CardValidator */,
				E1E185FD1F1E33EC00F2FB41 /* CardValidatorTests */,
				E1E185E71F1E33EC00F2FB41 /* Products */,
				A41AD8926EE06906BB964D93 /* Pods */,
				A6114F644316A820381DD133 /* Frameworks */,
			);
			sourceTree = "<group>";
		};
		E1E185E71F1E33EC00F2FB41 /* Products */ = {
			isa = PBXGroup;
			children = (
				E1E185E61F1E33EC00F2FB41 /* CardValidator.app */,
				E1E185FA1F1E33EC00F2FB41 /* CardValidatorTests.xctest */,
			);
			name = Products;
			sourceTree = "<group>";
		};
		E1E185E81F1E33EC00F2FB41 /* CardValidator */ = {
			isa = PBXGroup;
			children = (
				E1E185E91F1E33EC00F2FB41 /* AppDelegate.swift */,
				E1E185EB1F1E33EC00F2FB41 /* CreditCardVC.swift */,
				E1E186091F1E342800F2FB41 /* CreditCardInputField.swift */,
				E15600D11F1F61FF002F58C6 /* CreditCardView.swift */,
				E1583D3B1F1F75A00056FD3E /* ValidityIndicator.swift */,
				E1D3F45A1F20F53B00D3DB55 /* Services */,
				E1583D391F1F71210056FD3E /* Button.swift */,
				E1583D3D1F1F7BD90056FD3E /* UIViewExtensions.swift */,
				E1583D471F1FC5220056FD3E /* CollectionExtensions.swift */,
				E1583D491F1FCC230056FD3E /* StringType.swift */,
				E1583D3F1F1F7CA60056FD3E /* Roundable.swift */,
				E1D3F4601F2156C000D3DB55 /* BoolTransform.swift */,
				E1D3F45D1F210AD100D3DB55 /* Models */,
				E1E185F01F1E33EC00F2FB41 /* Assets.xcassets */,
				E1E185F21F1E33EC00F2FB41 /* LaunchScreen.storyboard */,
				E1E185F51F1E33EC00F2FB41 /* Info.plist */,
			);
			path = CardValidator;
			sourceTree = "<group>";
		};
		E1E185FD1F1E33EC00F2FB41 /* CardValidatorTests */ = {
			isa = PBXGroup;
			children = (
				E1E185FE1F1E33EC00F2FB41 /* CardValidatorTests.swift */,
				E1E186001F1E33EC00F2FB41 /* Info.plist */,
			);
			path = CardValidatorTests;
			sourceTree = "<group>";
		};
/* End PBXGroup section */

/* Begin PBXNativeTarget section */
		E1E185E51F1E33EC00F2FB41 /* CardValidator */ = {
			isa = PBXNativeTarget;
			buildConfigurationList = E1E186031F1E33EC00F2FB41 /* Build configuration list for PBXNativeTarget "CardValidator" */;
			buildPhases = (
				6C0073854CADD51E3538E7F5 /* [CP] Check Pods Manifest.lock */,
				E1E185E21F1E33EC00F2FB41 /* Sources */,
				E1E185E31F1E33EC00F2FB41 /* Frameworks */,
				E1E185E41F1E33EC00F2FB41 /* Resources */,
				FE7E1BED168277CB10EE2E9E /* [CP] Embed Pods Frameworks */,
				38B32A5AC4DFD57883CBD3B5 /* [CP] Copy Pods Resources */,
			);
			buildRules = (
			);
			dependencies = (
			);
			name = CardValidator;
			productName = CardValidator;
			productReference = E1E185E61F1E33EC00F2FB41 /* CardValidator.app */;
			productType = "com.apple.product-type.application";
		};
		E1E185F91F1E33EC00F2FB41 /* CardValidatorTests */ = {
			isa = PBXNativeTarget;
			buildConfigurationList = E1E186061F1E33EC00F2FB41 /* Build configuration list for PBXNativeTarget "CardValidatorTests" */;
			buildPhases = (
				E1E185F61F1E33EC00F2FB41 /* Sources */,
				E1E185F71F1E33EC00F2FB41 /* Frameworks */,
				E1E185F81F1E33EC00F2FB41 /* Resources */,
			);
			buildRules = (
			);
			dependencies = (
				E1E185FC1F1E33EC00F2FB41 /* PBXTargetDependency */,
			);
			name = CardValidatorTests;
			productName = CardValidatorTests;
			productReference = E1E185FA1F1E33EC00F2FB41 /* CardValidatorTests.xctest */;
			productType = "com.apple.product-type.bundle.unit-test";
		};
/* End PBXNativeTarget section */

/* Begin PBXProject section */
		E1E185DE1F1E33EB00F2FB41 /* Project object */ = {
			isa = PBXProject;
			attributes = {
				LastSwiftUpdateCheck = 0830;
				LastUpgradeCheck = 0830;
				ORGANIZATIONNAME = Eugene;
				TargetAttributes = {
					E1E185E51F1E33EC00F2FB41 = {
						CreatedOnToolsVersion = 8.3.3;
						DevelopmentTeam = 93V5PGPZMP;
						ProvisioningStyle = Automatic;
					};
					E1E185F91F1E33EC00F2FB41 = {
						CreatedOnToolsVersion = 8.3.3;
						DevelopmentTeam = 93V5PGPZMP;
						ProvisioningStyle = Automatic;
						TestTargetID = E1E185E51F1E33EC00F2FB41;
					};
				};
			};
			buildConfigurationList = E1E185E11F1E33EB00F2FB41 /* Build configuration list for PBXProject "CardValidator" */;
			compatibilityVersion = "Xcode 3.2";
			developmentRegion = English;
			hasScannedForEncodings = 0;
			knownRegions = (
				en,
				Base,
			);
			mainGroup = E1E185DD1F1E33EB00F2FB41;
			productRefGroup = E1E185E71F1E33EC00F2FB41 /* Products */;
			projectDirPath = "";
			projectRoot = "";
			targets = (
				E1E185E51F1E33EC00F2FB41 /* CardValidator */,
				E1E185F91F1E33EC00F2FB41 /* CardValidatorTests */,
			);
		};
/* End PBXProject section */

/* Begin PBXResourcesBuildPhase section */
		E1E185E41F1E33EC00F2FB41 /* Resources */ = {
			isa = PBXResourcesBuildPhase;
			buildActionMask = 2147483647;
			files = (
				E1E185F41F1E33EC00F2FB41 /* LaunchScreen.storyboard in Resources */,
				E1E185F11F1E33EC00F2FB41 /* Assets.xcassets in Resources */,
			);
			runOnlyForDeploymentPostprocessing = 0;
		};
		E1E185F81F1E33EC00F2FB41 /* Resources */ = {
			isa = PBXResourcesBuildPhase;
			buildActionMask = 2147483647;
			files = (
			);
			runOnlyForDeploymentPostprocessing = 0;
		};
/* End PBXResourcesBuildPhase section */

/* Begin PBXShellScriptBuildPhase section */
		38B32A5AC4DFD57883CBD3B5 /* [CP] Copy Pods Resources */ = {
			isa = PBXShellScriptBuildPhase;
			buildActionMask = 2147483647;
			files = (
			);
			inputPaths = (
			);
			name = "[CP] Copy Pods Resources";
			outputPaths = (
			);
			runOnlyForDeploymentPostprocessing = 0;
			shellPath = /bin/sh;
			shellScript = "\"${SRCROOT}/Pods/Target Support Files/Pods-CardValidator/Pods-CardValidator-resources.sh\"\n";
			showEnvVarsInLog = 0;
		};
		6C0073854CADD51E3538E7F5 /* [CP] Check Pods Manifest.lock */ = {
			isa = PBXShellScriptBuildPhase;
			buildActionMask = 2147483647;
			files = (
			);
			inputPaths = (
			);
			name = "[CP] Check Pods Manifest.lock";
			outputPaths = (
			);
			runOnlyForDeploymentPostprocessing = 0;
			shellPath = /bin/sh;
			shellScript = "diff \"${PODS_PODFILE_DIR_PATH}/Podfile.lock\" \"${PODS_ROOT}/Manifest.lock\" > /dev/null\nif [ $? != 0 ] ; then\n    # print error to STDERR\n    echo \"error: The sandbox is not in sync with the Podfile.lock. Run 'pod install' or update your CocoaPods installation.\" >&2\n    exit 1\nfi\n";
			showEnvVarsInLog = 0;
		};
		FE7E1BED168277CB10EE2E9E /* [CP] Embed Pods Frameworks */ = {
			isa = PBXShellScriptBuildPhase;
			buildActionMask = 2147483647;
			files = (
			);
			inputPaths = (
			);
			name = "[CP] Embed Pods Frameworks";
			outputPaths = (
			);
			runOnlyForDeploymentPostprocessing = 0;
			shellPath = /bin/sh;
			shellScript = "\"${SRCROOT}/Pods/Target Support Files/Pods-CardValidator/Pods-CardValidator-frameworks.sh\"\n";
			showEnvVarsInLog = 0;
		};
/* End PBXShellScriptBuildPhase section */

/* Begin PBXSourcesBuildPhase section */
		E1E185E21F1E33EC00F2FB41 /* Sources */ = {
			isa = PBXSourcesBuildPhase;
			buildActionMask = 2147483647;
			files = (
				E1583D3A1F1F71210056FD3E /* Button.swift in Sources */,
				E1583D481F1FC5220056FD3E /* CollectionExtensions.swift in Sources */,
				E1583D4C1F1FCE730056FD3E /* CreditCard.swift in Sources */,
				E1583D3E1F1F7BD90056FD3E /* UIViewExtensions.swift in Sources */,
				E1583D421F1F9C680056FD3E /* CardValidationService.swift in Sources */,
				E1583D3C1F1F75A00056FD3E /* ValidityIndicator.swift in Sources */,
				E15600D21F1F61FF002F58C6 /* CreditCardView.swift in Sources */,
				E1D3F4611F2156C000D3DB55 /* BoolTransform.swift in Sources */,
				E1583D461F1F9FE10056FD3E /* ValidationResult.swift in Sources */,
				E1E1860A1F1E342800F2FB41 /* CreditCardInputField.swift in Sources */,
				E1583D441F1F9CD90056FD3E /* APIService.swift in Sources */,
				E1D3F45C1F20F54E00D3DB55 /* CardGenerationService.swift in Sources */,
				E1583D4A1F1FCC230056FD3E /* StringType.swift in Sources */,
				E1E185EC1F1E33EC00F2FB41 /* CreditCardVC.swift in Sources */,
				E1583D401F1F7CA60056FD3E /* Roundable.swift in Sources */,
				E1D3F45F1F210C9E00D3DB55 /* Expiration.swift in Sources */,
				E1E185EA1F1E33EC00F2FB41 /* AppDelegate.swift in Sources */,
			);
			runOnlyForDeploymentPostprocessing = 0;
		};
		E1E185F61F1E33EC00F2FB41 /* Sources */ = {
			isa = PBXSourcesBuildPhase;
			buildActionMask = 2147483647;
			files = (
				E1E185FF1F1E33EC00F2FB41 /* CardValidatorTests.swift in Sources */,
			);
			runOnlyForDeploymentPostprocessing = 0;
		};
/* End PBXSourcesBuildPhase section */

/* Begin PBXTargetDependency section */
		E1E185FC1F1E33EC00F2FB41 /* PBXTargetDependency */ = {
			isa = PBXTargetDependency;
			target = E1E185E51F1E33EC00F2FB41 /* CardValidator */;
			targetProxy = E1E185FB1F1E33EC00F2FB41 /* PBXContainerItemProxy */;
		};
/* End PBXTargetDependency section */

/* Begin PBXVariantGroup section */
		E1E185F21F1E33EC00F2FB41 /* LaunchScreen.storyboard */ = {
			isa = PBXVariantGroup;
			children = (
				E1E185F31F1E33EC00F2FB41 /* Base */,
			);
			name = LaunchScreen.storyboard;
			sourceTree = "<group>";
		};
/* End PBXVariantGroup section */

/* Begin XCBuildConfiguration section */
		E1E186011F1E33EC00F2FB41 /* Debug */ = {
			isa = XCBuildConfiguration;
			buildSettings = {
				ALWAYS_SEARCH_USER_PATHS = NO;
				CLANG_ANALYZER_NONNULL = YES;
				CLANG_ANALYZER_NUMBER_OBJECT_CONVERSION = YES_AGGRESSIVE;
				CLANG_CXX_LANGUAGE_STANDARD = "gnu++0x";
				CLANG_CXX_LIBRARY = "libc++";
				CLANG_ENABLE_MODULES = YES;
				CLANG_ENABLE_OBJC_ARC = YES;
				CLANG_WARN_BOOL_CONVERSION = YES;
				CLANG_WARN_CONSTANT_CONVERSION = YES;
				CLANG_WARN_DIRECT_OBJC_ISA_USAGE = YES_ERROR;
				CLANG_WARN_DOCUMENTATION_COMMENTS = YES;
				CLANG_WARN_EMPTY_BODY = YES;
				CLANG_WARN_ENUM_CONVERSION = YES;
				CLANG_WARN_INFINITE_RECURSION = YES;
				CLANG_WARN_INT_CONVERSION = YES;
				CLANG_WARN_OBJC_ROOT_CLASS = YES_ERROR;
				CLANG_WARN_SUSPICIOUS_MOVE = YES;
				CLANG_WARN_UNREACHABLE_CODE = YES;
				CLANG_WARN__DUPLICATE_METHOD_MATCH = YES;
				"CODE_SIGN_IDENTITY[sdk=iphoneos*]" = "iPhone Developer";
				COPY_PHASE_STRIP = NO;
				DEBUG_INFORMATION_FORMAT = dwarf;
				ENABLE_STRICT_OBJC_MSGSEND = YES;
				ENABLE_TESTABILITY = YES;
				GCC_C_LANGUAGE_STANDARD = gnu99;
				GCC_DYNAMIC_NO_PIC = NO;
				GCC_NO_COMMON_BLOCKS = YES;
				GCC_OPTIMIZATION_LEVEL = 0;
				GCC_PREPROCESSOR_DEFINITIONS = (
					"DEBUG=1",
					"$(inherited)",
				);
				GCC_WARN_64_TO_32_BIT_CONVERSION = YES;
				GCC_WARN_ABOUT_RETURN_TYPE = YES_ERROR;
				GCC_WARN_UNDECLARED_SELECTOR = YES;
				GCC_WARN_UNINITIALIZED_AUTOS = YES_AGGRESSIVE;
				GCC_WARN_UNUSED_FUNCTION = YES;
				GCC_WARN_UNUSED_VARIABLE = YES;
				IPHONEOS_DEPLOYMENT_TARGET = 9.0;
				MTL_ENABLE_DEBUG_INFO = YES;
				ONLY_ACTIVE_ARCH = YES;
				SDKROOT = iphoneos;
				SWIFT_ACTIVE_COMPILATION_CONDITIONS = DEBUG;
				SWIFT_OPTIMIZATION_LEVEL = "-Onone";
				TARGETED_DEVICE_FAMILY = "1,2";
			};
			name = Debug;
		};
		E1E186021F1E33EC00F2FB41 /* Release */ = {
			isa = XCBuildConfiguration;
			buildSettings = {
				ALWAYS_SEARCH_USER_PATHS = NO;
				CLANG_ANALYZER_NONNULL = YES;
				CLANG_ANALYZER_NUMBER_OBJECT_CONVERSION = YES_AGGRESSIVE;
				CLANG_CXX_LANGUAGE_STANDARD = "gnu++0x";
				CLANG_CXX_LIBRARY = "libc++";
				CLANG_ENABLE_MODULES = YES;
				CLANG_ENABLE_OBJC_ARC = YES;
				CLANG_WARN_BOOL_CONVERSION = YES;
				CLANG_WARN_CONSTANT_CONVERSION = YES;
				CLANG_WARN_DIRECT_OBJC_ISA_USAGE = YES_ERROR;
				CLANG_WARN_DOCUMENTATION_COMMENTS = YES;
				CLANG_WARN_EMPTY_BODY = YES;
				CLANG_WARN_ENUM_CONVERSION = YES;
				CLANG_WARN_INFINITE_RECURSION = YES;
				CLANG_WARN_INT_CONVERSION = YES;
				CLANG_WARN_OBJC_ROOT_CLASS = YES_ERROR;
				CLANG_WARN_SUSPICIOUS_MOVE = YES;
				CLANG_WARN_UNREACHABLE_CODE = YES;
				CLANG_WARN__DUPLICATE_METHOD_MATCH = YES;
				"CODE_SIGN_IDENTITY[sdk=iphoneos*]" = "iPhone Developer";
				COPY_PHASE_STRIP = NO;
				DEBUG_INFORMATION_FORMAT = "dwarf-with-dsym";
				ENABLE_NS_ASSERTIONS = NO;
				ENABLE_STRICT_OBJC_MSGSEND = YES;
				GCC_C_LANGUAGE_STANDARD = gnu99;
				GCC_NO_COMMON_BLOCKS = YES;
				GCC_WARN_64_TO_32_BIT_CONVERSION = YES;
				GCC_WARN_ABOUT_RETURN_TYPE = YES_ERROR;
				GCC_WARN_UNDECLARED_SELECTOR = YES;
				GCC_WARN_UNINITIALIZED_AUTOS = YES_AGGRESSIVE;
				GCC_WARN_UNUSED_FUNCTION = YES;
				GCC_WARN_UNUSED_VARIABLE = YES;
				IPHONEOS_DEPLOYMENT_TARGET = 9.0;
				MTL_ENABLE_DEBUG_INFO = NO;
				SDKROOT = iphoneos;
				SWIFT_OPTIMIZATION_LEVEL = "-Owholemodule";
				TARGETED_DEVICE_FAMILY = "1,2";
				VALIDATE_PRODUCT = YES;
			};
			name = Release;
		};
		E1E186041F1E33EC00F2FB41 /* Debug */ = {
			isa = XCBuildConfiguration;
			baseConfigurationReference = C093DBBF40F8341795EAC2A3 /* Pods-CardValidator.debug.xcconfig */;
			buildSettings = {
				ASSETCATALOG_COMPILER_APPICON_NAME = AppIcon;
				DEVELOPMENT_TEAM = 93V5PGPZMP;
				INFOPLIST_FILE = CardValidator/Info.plist;
				IPHONEOS_DEPLOYMENT_TARGET = 9.0;
				LD_RUNPATH_SEARCH_PATHS = "$(inherited) @executable_path/Frameworks";
				PRODUCT_BUNDLE_IDENTIFIER = Eugene.CardValidator;
				PRODUCT_NAME = "$(TARGET_NAME)";
				SWIFT_VERSION = 3.0;
				TARGETED_DEVICE_FAMILY = 1;
			};
			name = Debug;
		};
		E1E186051F1E33EC00F2FB41 /* Release */ = {
			isa = XCBuildConfiguration;
			baseConfigurationReference = 637073CA467894615E8B5225 /* Pods-CardValidator.release.xcconfig */;
			buildSettings = {
				ASSETCATALOG_COMPILER_APPICON_NAME = AppIcon;
				DEVELOPMENT_TEAM = 93V5PGPZMP;
				INFOPLIST_FILE = CardValidator/Info.plist;
				IPHONEOS_DEPLOYMENT_TARGET = 9.0;
				LD_RUNPATH_SEARCH_PATHS = "$(inherited) @executable_path/Frameworks";
				PRODUCT_BUNDLE_IDENTIFIER = Eugene.CardValidator;
				PRODUCT_NAME = "$(TARGET_NAME)";
				SWIFT_VERSION = 3.0;
				TARGETED_DEVICE_FAMILY = 1;
			};
			name = Release;
		};
		E1E186071F1E33EC00F2FB41 /* Debug */ = {
			isa = XCBuildConfiguration;
			buildSettings = {
				ALWAYS_EMBED_SWIFT_STANDARD_LIBRARIES = YES;
				BUNDLE_LOADER = "$(TEST_HOST)";
				DEVELOPMENT_TEAM = 93V5PGPZMP;
				INFOPLIST_FILE = CardValidatorTests/Info.plist;
				LD_RUNPATH_SEARCH_PATHS = "$(inherited) @executable_path/Frameworks @loader_path/Frameworks";
				PRODUCT_BUNDLE_IDENTIFIER = Eugene.CardValidatorTests;
				PRODUCT_NAME = "$(TARGET_NAME)";
				SWIFT_VERSION = 3.0;
				TEST_HOST = "$(BUILT_PRODUCTS_DIR)/CardValidator.app/CardValidator";
			};
			name = Debug;
		};
		E1E186081F1E33EC00F2FB41 /* Release */ = {
			isa = XCBuildConfiguration;
			buildSettings = {
				ALWAYS_EMBED_SWIFT_STANDARD_LIBRARIES = YES;
				BUNDLE_LOADER = "$(TEST_HOST)";
				DEVELOPMENT_TEAM = 93V5PGPZMP;
				INFOPLIST_FILE = CardValidatorTests/Info.plist;
				LD_RUNPATH_SEARCH_PATHS = "$(inherited) @executable_path/Frameworks @loader_path/Frameworks";
				PRODUCT_BUNDLE_IDENTIFIER = Eugene.CardValidatorTests;
				PRODUCT_NAME = "$(TARGET_NAME)";
				SWIFT_VERSION = 3.0;
				TEST_HOST = "$(BUILT_PRODUCTS_DIR)/CardValidator.app/CardValidator";
			};
			name = Release;
		};
/* End XCBuildConfiguration section */

/* Begin XCConfigurationList section */
		E1E185E11F1E33EB00F2FB41 /* Build configuration list for PBXProject "CardValidator" */ = {
			isa = XCConfigurationList;
			buildConfigurations = (
				E1E186011F1E33EC00F2FB41 /* Debug */,
				E1E186021F1E33EC00F2FB41 /* Release */,
			);
			defaultConfigurationIsVisible = 0;
			defaultConfigurationName = Release;
		};
		E1E186031F1E33EC00F2FB41 /* Build configuration list for PBXNativeTarget "CardValidator" */ = {
			isa = XCConfigurationList;
			buildConfigurations = (
				E1E186041F1E33EC00F2FB41 /* Debug */,
				E1E186051F1E33EC00F2FB41 /* Release */,
			);
			defaultConfigurationIsVisible = 0;
			defaultConfigurationName = Release;
		};
		E1E186061F1E33EC00F2FB41 /* Build configuration list for PBXNativeTarget "CardValidatorTests" */ = {
			isa = XCConfigurationList;
			buildConfigurations = (
				E1E186071F1E33EC00F2FB41 /* Debug */,
				E1E186081F1E33EC00F2FB41 /* Release */,
			);
			defaultConfigurationIsVisible = 0;
			defaultConfigurationName = Release;
		};
/* End XCConfigurationList section */
	};
	rootObject = E1E185DE1F1E33EB00F2FB41 /* Project object */;
}
